
Microsoft Visual Studio Solution File, Format Version 12.00
# Visual Studio Version 17
VisualStudioVersion = 17.1.32210.238
MinimumVisualStudioVersion = 10.0.40219.1
Project("{FAE04EC0-301F-11D3-BF4B-00C04F79EFBC}") = "lesson", "lesson\lesson.csproj", "{0BE2BB5B-4BF2-4F2C-8C85-B63E596754DF}"
EndProject
Global
	GlobalSection(SolutionConfigurationPlatforms) = preSolution
		Debug|Any CPU = Debug|Any CPU
		Release|Any CPU = Release|Any CPU
	EndGlobalSection
	GlobalSection(ProjectConfigurationPlatforms) = postSolution
		{0BE2BB5B-4BF2-4F2C-8C85-B63E596754DF}.Debug|Any CPU.ActiveCfg = Debug|Any CPU
		{0BE2BB5B-4BF2-4F2C-8C85-B63E596754DF}.Debug|Any CPU.Build.0 = Debug|Any CPU
		{0BE2BB5B-4BF2-4F2C-8C85-B63E596754DF}.Release|Any CPU.ActiveCfg = Release|Any CPU
		{0BE2BB5B-4BF2-4F2C-8C85-B63E596754DF}.Release|Any CPU.Build.0 = Release|Any CPU
	EndGlobalSection
	GlobalSection(SolutionProperties) = preSolution
		HideSolutionNode = FALSE
	EndGlobalSection
	GlobalSection(ExtensibilityGlobals) = postSolution
		SolutionGuid = {F296C608-B57B-43DE-BCFE-C7A687B698DA}
	EndGlobalSection
EndGlobal
